
Microsoft Visual Studio Solution File, Format Version 12.00
# Visual Studio Version 16
VisualStudioVersion = 16.0.31624.102
MinimumVisualStudioVersion = 10.0.40219.1
Project("{9A19103F-16F7-4668-BE54-9A1E7A4F7556}") = "Day_01", "Day_01\Day_01.csproj", "{1D40BD62-ED20-4172-B028-274F4646AC6D}"
EndProject
Project("{2150E333-8FDC-42A3-9474-1A3956D46DE8}") = "Solution Items", "Solution Items", "{E4DB7A3D-6C21-4047-84FB-DC34587C426C}"
EndProject
Project("{9A19103F-16F7-4668-BE54-9A1E7A4F7556}") = "Utils", "Utils\Utils.csproj", "{71A92566-BACB-42ED-988D-3229BF5DE46C}"
EndProject
Global
	GlobalSection(SolutionConfigurationPlatforms) = preSolution
		Debug|Any CPU = Debug|Any CPU
		Release|Any CPU = Release|Any CPU
	EndGlobalSection
	GlobalSection(ProjectConfigurationPlatforms) = postSolution
		{1D40BD62-ED20-4172-B028-274F4646AC6D}.Debug|Any CPU.ActiveCfg = Debug|Any CPU
		{1D40BD62-ED20-4172-B028-274F4646AC6D}.Debug|Any CPU.Build.0 = Debug|Any CPU
		{1D40BD62-ED20-4172-B028-274F4646AC6D}.Release|Any CPU.ActiveCfg = Release|Any CPU
		{1D40BD62-ED20-4172-B028-274F4646AC6D}.Release|Any CPU.Build.0 = Release|Any CPU
		{71A92566-BACB-42ED-988D-3229BF5DE46C}.Debug|Any CPU.ActiveCfg = Debug|Any CPU
		{71A92566-BACB-42ED-988D-3229BF5DE46C}.Debug|Any CPU.Build.0 = Debug|Any CPU
		{71A92566-BACB-42ED-988D-3229BF5DE46C}.Release|Any CPU.ActiveCfg = Release|Any CPU
		{71A92566-BACB-42ED-988D-3229BF5DE46C}.Release|Any CPU.Build.0 = Release|Any CPU
	EndGlobalSection
	GlobalSection(SolutionProperties) = preSolution
		HideSolutionNode = FALSE
	EndGlobalSection
	GlobalSection(ExtensibilityGlobals) = postSolution
		SolutionGuid = {FDD63224-A948-420E-B009-DEB8D4D98D3C}
	EndGlobalSection
EndGlobal
